
Microsoft Visual Studio Solution File, Format Version 12.00
# Visual Studio Version 16
VisualStudioVersion = 16.0.30503.244
MinimumVisualStudioVersion = 10.0.40219.1
Project("{FAE04EC0-301F-11D3-BF4B-00C04F79EFBC}") = "ASP.NETGetTheGame", "ASP.NETGetTheGame\ASP.NETGetTheGame.csproj", "{934E4AA8-ADBE-4682-8E0D-C3EF91BA0609}"
EndProject
Global
	GlobalSection(SolutionConfigurationPlatforms) = preSolution
		Debug|Any CPU = Debug|Any CPU
		Release|Any CPU = Release|Any CPU
	EndGlobalSection
	GlobalSection(ProjectConfigurationPlatforms) = postSolution
		{934E4AA8-ADBE-4682-8E0D-C3EF91BA0609}.Debug|Any CPU.ActiveCfg = Debug|Any CPU
		{934E4AA8-ADBE-4682-8E0D-C3EF91BA0609}.Debug|Any CPU.Build.0 = Debug|Any CPU
		{934E4AA8-ADBE-4682-8E0D-C3EF91BA0609}.Release|Any CPU.ActiveCfg = Release|Any CPU
		{934E4AA8-ADBE-4682-8E0D-C3EF91BA0609}.Release|Any CPU.Build.0 = Release|Any CPU
	EndGlobalSection
	GlobalSection(SolutionProperties) = preSolution
		HideSolutionNode = FALSE
	EndGlobalSection
	GlobalSection(ExtensibilityGlobals) = postSolution
		SolutionGuid = {FA648779-5A86-4770-BFFE-A036140E0385}
	EndGlobalSection
EndGlobal
